
Microsoft Visual Studio Solution File, Format Version 12.00
# Visual Studio Version 16
VisualStudioVersion = 16.0.31624.102
MinimumVisualStudioVersion = 10.0.40219.1
Project("{FAE04EC0-301F-11D3-BF4B-00C04F79EFBC}") = "FundooNotes", "FundooNotes\FundooNotes.csproj", "{717303C5-2B8A-4B70-89F9-327BCACB62AF}"
EndProject
Project("{FAE04EC0-301F-11D3-BF4B-00C04F79EFBC}") = "BusinessLayer", "BusinessLibrary\BusinessLayer.csproj", "{C509A69E-636F-452B-AE94-F74C74CE37D8}"
EndProject
Project("{FAE04EC0-301F-11D3-BF4B-00C04F79EFBC}") = "CommonLayer", "CommonLayer\CommonLayer.csproj", "{593D8F2B-2906-4A68-BB4D-B17EEB4DED4A}"
EndProject
Project("{FAE04EC0-301F-11D3-BF4B-00C04F79EFBC}") = "RepositoryLayer", "RepositoryLayer\RepositoryLayer.csproj", "{95D78086-BD81-44A5-8FEC-D0E70173394A}"
EndProject
Global
	GlobalSection(SolutionConfigurationPlatforms) = preSolution
		Debug|Any CPU = Debug|Any CPU
		Release|Any CPU = Release|Any CPU
	EndGlobalSection
	GlobalSection(ProjectConfigurationPlatforms) = postSolution
		{717303C5-2B8A-4B70-89F9-327BCACB62AF}.Debug|Any CPU.ActiveCfg = Debug|Any CPU
		{717303C5-2B8A-4B70-89F9-327BCACB62AF}.Debug|Any CPU.Build.0 = Debug|Any CPU
		{717303C5-2B8A-4B70-89F9-327BCACB62AF}.Release|Any CPU.ActiveCfg = Release|Any CPU
		{717303C5-2B8A-4B70-89F9-327BCACB62AF}.Release|Any CPU.Build.0 = Release|Any CPU
		{C509A69E-636F-452B-AE94-F74C74CE37D8}.Debug|Any CPU.ActiveCfg = Debug|Any CPU
		{C509A69E-636F-452B-AE94-F74C74CE37D8}.Debug|Any CPU.Build.0 = Debug|Any CPU
		{C509A69E-636F-452B-AE94-F74C74CE37D8}.Release|Any CPU.ActiveCfg = Release|Any CPU
		{C509A69E-636F-452B-AE94-F74C74CE37D8}.Release|Any CPU.Build.0 = Release|Any CPU
		{593D8F2B-2906-4A68-BB4D-B17EEB4DED4A}.Debug|Any CPU.ActiveCfg = Debug|Any CPU
		{593D8F2B-2906-4A68-BB4D-B17EEB4DED4A}.Debug|Any CPU.Build.0 = Debug|Any CPU
		{593D8F2B-2906-4A68-BB4D-B17EEB4DED4A}.Release|Any CPU.ActiveCfg = Release|Any CPU
		{593D8F2B-2906-4A68-BB4D-B17EEB4DED4A}.Release|Any CPU.Build.0 = Release|Any CPU
		{95D78086-BD81-44A5-8FEC-D0E70173394A}.Debug|Any CPU.ActiveCfg = Debug|Any CPU
		{95D78086-BD81-44A5-8FEC-D0E70173394A}.Debug|Any CPU.Build.0 = Debug|Any CPU
		{95D78086-BD81-44A5-8FEC-D0E70173394A}.Release|Any CPU.ActiveCfg = Release|Any CPU
		{95D78086-BD81-44A5-8FEC-D0E70173394A}.Release|Any CPU.Build.0 = Release|Any CPU
	EndGlobalSection
	GlobalSection(SolutionProperties) = preSolution
		HideSolutionNode = FALSE
	EndGlobalSection
	GlobalSection(ExtensibilityGlobals) = postSolution
		SolutionGuid = {74A91736-4602-4D97-BB81-B3196ACFF3CD}
	EndGlobalSection
EndGlobal
